Microsoft Visual Studio Solution File, Format Version 12.00
# Visual Studio 15
VisualStudioVersion = 15.0.27703.2042
MinimumVisualStudioVersion = 10.0.40219.1
Project("{8BC9CEB8-8B4A-11D0-8D11-00A0C91BC942}") = "corelib", "corelib\corelib.vcxproj", "{76C85BFA-99B5-3DA3-8511-CD13F160502C}"
EndProject
Project("{8BC9CEB8-8B4A-11D0-8D11-00A0C91BC942}") = "applib", "applib\applib.vcxproj", "{A886AA98-131F-34F7-8DE4-501E1964983D}"
EndProject
Project("{8BC9CEB8-8B4A-11D0-8D11-00A0C91BC942}") = "gfxlib", "gfxlib\gfxlib.vcxproj", "{7B5ADCB5-21D0-3ED9-922B-A4823E2437EE}"
	ProjectSection(ProjectDependencies) = postProject
		{76C85BFA-99B5-3DA3-8511-CD13F160502C} = {76C85BFA-99B5-3DA3-8511-CD13F160502C}
		{A886AA98-131F-34F7-8DE4-501E1964983D} = {A886AA98-131F-34F7-8DE4-501E1964983D}
	EndProjectSection
EndProject
Project("{8BC9CEB8-8B4A-11D0-8D11-00A0C91BC942}") = "guilib", "guilib\guilib.vcxproj", "{A6D6ECE2-7408-3784-8048-04CEE5FE710F}"
	ProjectSection(ProjectDependencies) = postProject
		{76C85BFA-99B5-3DA3-8511-CD13F160502C} = {76C85BFA-99B5-3DA3-8511-CD13F160502C}
		{A886AA98-131F-34F7-8DE4-501E1964983D} = {A886AA98-131F-34F7-8DE4-501E1964983D}
	EndProjectSection
EndProject
Project("{8BC9CEB8-8B4A-11D0-8D11-00A0C91BC942}") = "helloworld", "helloworld\helloworld.vcxproj", "{8D4772F9-A843-39C0-81C3-43D27891CD7E}"
	ProjectSection(ProjectDependencies) = postProject
		{76C85BFA-99B5-3DA3-8511-CD13F160502C} = {76C85BFA-99B5-3DA3-8511-CD13F160502C}
		{A886AA98-131F-34F7-8DE4-501E1964983D} = {A886AA98-131F-34F7-8DE4-501E1964983D}
		{A6D6ECE2-7408-3784-8048-04CEE5FE710F} = {A6D6ECE2-7408-3784-8048-04CEE5FE710F}
	EndProjectSection
EndProject
Global
	GlobalSection(SolutionConfigurationPlatforms) = preSolution
		Debug|Win32 = Debug|Win32
		Debug|x64 = Debug|x64
		Release|Win32 = Release|Win32
		Release|x64 = Release|x64
	EndGlobalSection
	GlobalSection(ProjectConfigurationPlatforms) = postSolution
		{76C85BFA-99B5-3DA3-8511-CD13F160502C}.Debug|Win32.ActiveCfg = Debug|Win32
		{76C85BFA-99B5-3DA3-8511-CD13F160502C}.Debug|Win32.Build.0 = Debug|Win32
		{76C85BFA-99B5-3DA3-8511-CD13F160502C}.Debug|x64.ActiveCfg = Debug|x64
		{76C85BFA-99B5-3DA3-8511-CD13F160502C}.Debug|x64.Build.0 = Debug|x64
		{76C85BFA-99B5-3DA3-8511-CD13F160502C}.Release|Win32.ActiveCfg = Release|Win32
		{76C85BFA-99B5-3DA3-8511-CD13F160502C}.Release|Win32.Build.0 = Release|Win32
		{76C85BFA-99B5-3DA3-8511-CD13F160502C}.Release|x64.ActiveCfg = Release|x64
		{76C85BFA-99B5-3DA3-8511-CD13F160502C}.Release|x64.Build.0 = Release|x64
		{A886AA98-131F-34F7-8DE4-501E1964983D}.Debug|Win32.ActiveCfg = Debug|Win32
		{A886AA98-131F-34F7-8DE4-501E1964983D}.Debug|Win32.Build.0 = Debug|Win32
		{A886AA98-131F-34F7-8DE4-501E1964983D}.Debug|x64.ActiveCfg = Debug|x64
		{A886AA98-131F-34F7-8DE4-501E1964983D}.Debug|x64.Build.0 = Debug|x64
		{A886AA98-131F-34F7-8DE4-501E1964983D}.Release|Win32.ActiveCfg = Release|Win32
		{A886AA98-131F-34F7-8DE4-501E1964983D}.Release|Win32.Build.0 = Release|Win32
		{A886AA98-131F-34F7-8DE4-501E1964983D}.Release|x64.ActiveCfg = Release|x64
		{A886AA98-131F-34F7-8DE4-501E1964983D}.Release|x64.Build.0 = Release|x64
		{7B5ADCB5-21D0-3ED9-922B-A4823E2437EE}.Debug|Win32.ActiveCfg = Debug|Win32
		{7B5ADCB5-21D0-3ED9-922B-A4823E2437EE}.Debug|Win32.Build.0 = Debug|Win32
		{7B5ADCB5-21D0-3ED9-922B-A4823E2437EE}.Debug|x64.ActiveCfg = Debug|x64
		{7B5ADCB5-21D0-3ED9-922B-A4823E2437EE}.Debug|x64.Build.0 = Debug|x64
		{7B5ADCB5-21D0-3ED9-922B-A4823E2437EE}.Release|Win32.ActiveCfg = Release|Win32
		{7B5ADCB5-21D0-3ED9-922B-A4823E2437EE}.Release|Win32.Build.0 = Release|Win32
		{7B5ADCB5-21D0-3ED9-922B-A4823E2437EE}.Release|x64.ActiveCfg = Release|x64
		{7B5ADCB5-21D0-3ED9-922B-A4823E2437EE}.Release|x64.Build.0 = Release|x64
		{A6D6ECE2-7408-3784-8048-04CEE5FE710F}.Debug|Win32.ActiveCfg = Debug|Win32
		{A6D6ECE2-7408-3784-8048-04CEE5FE710F}.Debug|Win32.Build.0 = Debug|Win32
		{A6D6ECE2-7408-3784-8048-04CEE5FE710F}.Debug|x64.ActiveCfg = Debug|x64
		{A6D6ECE2-7408-3784-8048-04CEE5FE710F}.Debug|x64.Build.0 = Debug|x64
		{A6D6ECE2-7408-3784-8048-04CEE5FE710F}.Release|Win32.ActiveCfg = Release|Win32
		{A6D6ECE2-7408-3784-8048-04CEE5FE710F}.Release|Win32.Build.0 = Release|Win32
		{A6D6ECE2-7408-3784-8048-04CEE5FE710F}.Release|x64.ActiveCfg = Release|x64
		{A6D6ECE2-7408-3784-8048-04CEE5FE710F}.Release|x64.Build.0 = Release|x64
		{8D4772F9-A843-39C0-81C3-43D27891CD7E}.Debug|Win32.ActiveCfg = Debug|Win32
		{8D4772F9-A843-39C0-81C3-43D27891CD7E}.Debug|Win32.Build.0 = Debug|Win32
		{8D4772F9-A843-39C0-81C3-43D27891CD7E}.Debug|x64.ActiveCfg = Debug|x64
		{8D4772F9-A843-39C0-81C3-43D27891CD7E}.Debug|x64.Build.0 = Debug|x64
		{8D4772F9-A843-39C0-81C3-43D27891CD7E}.Release|Win32.ActiveCfg = Release|Win32
		{8D4772F9-A843-39C0-81C3-43D27891CD7E}.Release|Win32.Build.0 = Release|Win32
		{8D4772F9-A843-39C0-81C3-43D27891CD7E}.Release|x64.ActiveCfg = Release|x64
		{8D4772F9-A843-39C0-81C3-43D27891CD7E}.Release|x64.Build.0 = Release|x64
	EndGlobalSection
	GlobalSection(SolutionProperties) = preSolution
		HideSolutionNode = FALSE
	EndGlobalSection
	GlobalSection(ExtensibilityGlobals) = postSolution
		SolutionGuid = {E36F91CB-6CE7-4F2F-969C-638BB989CE4D}
	EndGlobalSection
EndGlobal
